# This file is generated by running "yarn install" inside your project.
# Manual changes might be lost - proceed with caution!

__metadata:
  version: 8
  cacheKey: 10

"ala-mantine@workspace:.":
  version: 0.0.0-use.local
  resolution: "ala-mantine@workspace:."
  peerDependencies:
    "@mantine/core": ^7.8.1
    react: ^18.2.0
    react-dom: ^18.2.0
  languageName: unknown
  linkType: soft
